
Microsoft Visual Studio Solution File, Format Version 12.00
# Visual Studio Version 17
VisualStudioVersion = 17.7.34031.279
MinimumVisualStudioVersion = 10.0.40219.1
Project("{FAE04EC0-301F-11D3-BF4B-00C04F79EFBC}") = "Factorial Division", "Factorial Division\Factorial Division.csproj", "{D301D2BE-B1DA-4DC5-9D3A-F22D9E710BA4}"
EndProject
Global
	GlobalSection(SolutionConfigurationPlatforms) = preSolution
		Debug|Any CPU = Debug|Any CPU
		Release|Any CPU = Release|Any CPU
	EndGlobalSection
	GlobalSection(ProjectConfigurationPlatforms) = postSolution
		{D301D2BE-B1DA-4DC5-9D3A-F22D9E710BA4}.Debug|Any CPU.ActiveCfg = Debug|Any CPU
		{D301D2BE-B1DA-4DC5-9D3A-F22D9E710BA4}.Debug|Any CPU.Build.0 = Debug|Any CPU
		{D301D2BE-B1DA-4DC5-9D3A-F22D9E710BA4}.Release|Any CPU.ActiveCfg = Release|Any CPU
		{D301D2BE-B1DA-4DC5-9D3A-F22D9E710BA4}.Release|Any CPU.Build.0 = Release|Any CPU
	EndGlobalSection
	GlobalSection(SolutionProperties) = preSolution
		HideSolutionNode = FALSE
	EndGlobalSection
	GlobalSection(ExtensibilityGlobals) = postSolution
		SolutionGuid = {64BF166C-1167-4FD4-ABF3-B11F0ADCF00F}
	EndGlobalSection
EndGlobal
