
Microsoft Visual Studio Solution File, Format Version 12.00
# Visual Studio Version 17
VisualStudioVersion = 17.7.34031.279
MinimumVisualStudioVersion = 10.0.40219.1
Project("{FAE04EC0-301F-11D3-BF4B-00C04F79EFBC}") = "Smallest of Three Numbers", "Smallest of Three Numbers\Smallest of Three Numbers.csproj", "{BE6D700D-4EBB-4F38-833C-9BB118C846A1}"
EndProject
Global
	GlobalSection(SolutionConfigurationPlatforms) = preSolution
		Debug|Any CPU = Debug|Any CPU
		Release|Any CPU = Release|Any CPU
	EndGlobalSection
	GlobalSection(ProjectConfigurationPlatforms) = postSolution
		{BE6D700D-4EBB-4F38-833C-9BB118C846A1}.Debug|Any CPU.ActiveCfg = Debug|Any CPU
		{BE6D700D-4EBB-4F38-833C-9BB118C846A1}.Debug|Any CPU.Build.0 = Debug|Any CPU
		{BE6D700D-4EBB-4F38-833C-9BB118C846A1}.Release|Any CPU.ActiveCfg = Release|Any CPU
		{BE6D700D-4EBB-4F38-833C-9BB118C846A1}.Release|Any CPU.Build.0 = Release|Any CPU
	EndGlobalSection
	GlobalSection(SolutionProperties) = preSolution
		HideSolutionNode = FALSE
	EndGlobalSection
	GlobalSection(ExtensibilityGlobals) = postSolution
		SolutionGuid = {7C9B8A53-C345-4AF1-99EC-896A79BE76D3}
	EndGlobalSection
EndGlobal
