
Microsoft Visual Studio Solution File, Format Version 12.00
# Visual Studio Version 17
VisualStudioVersion = 17.7.34031.279
MinimumVisualStudioVersion = 10.0.40219.1
Project("{FAE04EC0-301F-11D3-BF4B-00C04F79EFBC}") = "Middle Characters", "Middle Characters\Middle Characters.csproj", "{811294F8-9DE4-483B-BAEF-F6ACBDC38B49}"
EndProject
Global
	GlobalSection(SolutionConfigurationPlatforms) = preSolution
		Debug|Any CPU = Debug|Any CPU
		Release|Any CPU = Release|Any CPU
	EndGlobalSection
	GlobalSection(ProjectConfigurationPlatforms) = postSolution
		{811294F8-9DE4-483B-BAEF-F6ACBDC38B49}.Debug|Any CPU.ActiveCfg = Debug|Any CPU
		{811294F8-9DE4-483B-BAEF-F6ACBDC38B49}.Debug|Any CPU.Build.0 = Debug|Any CPU
		{811294F8-9DE4-483B-BAEF-F6ACBDC38B49}.Release|Any CPU.ActiveCfg = Release|Any CPU
		{811294F8-9DE4-483B-BAEF-F6ACBDC38B49}.Release|Any CPU.Build.0 = Release|Any CPU
	EndGlobalSection
	GlobalSection(SolutionProperties) = preSolution
		HideSolutionNode = FALSE
	EndGlobalSection
	GlobalSection(ExtensibilityGlobals) = postSolution
		SolutionGuid = {AA6BF31A-B7FB-4FCA-B307-8BE176846C64}
	EndGlobalSection
EndGlobal
