
Microsoft Visual Studio Solution File, Format Version 12.00
# Visual Studio Version 17
VisualStudioVersion = 17.7.34031.279
MinimumVisualStudioVersion = 10.0.40219.1
Project("{FAE04EC0-301F-11D3-BF4B-00C04F79EFBC}") = "Vowels Count", "Vowels Count\Vowels Count.csproj", "{28889787-7D79-474F-8095-77FDE0797659}"
EndProject
Global
	GlobalSection(SolutionConfigurationPlatforms) = preSolution
		Debug|Any CPU = Debug|Any CPU
		Release|Any CPU = Release|Any CPU
	EndGlobalSection
	GlobalSection(ProjectConfigurationPlatforms) = postSolution
		{28889787-7D79-474F-8095-77FDE0797659}.Debug|Any CPU.ActiveCfg = Debug|Any CPU
		{28889787-7D79-474F-8095-77FDE0797659}.Debug|Any CPU.Build.0 = Debug|Any CPU
		{28889787-7D79-474F-8095-77FDE0797659}.Release|Any CPU.ActiveCfg = Release|Any CPU
		{28889787-7D79-474F-8095-77FDE0797659}.Release|Any CPU.Build.0 = Release|Any CPU
	EndGlobalSection
	GlobalSection(SolutionProperties) = preSolution
		HideSolutionNode = FALSE
	EndGlobalSection
	GlobalSection(ExtensibilityGlobals) = postSolution
		SolutionGuid = {DCF790B5-0661-44D1-9305-3F91D08D54E2}
	EndGlobalSection
EndGlobal
