
Microsoft Visual Studio Solution File, Format Version 12.00
# Visual Studio Version 17
VisualStudioVersion = 17.7.34031.279
MinimumVisualStudioVersion = 10.0.40219.1
Project("{FAE04EC0-301F-11D3-BF4B-00C04F79EFBC}") = "Practical Project Hangman", "Practical Project Hangman\Practical Project Hangman.csproj", "{A39F946E-B026-4EAC-9B35-F44D1976E8C9}"
EndProject
Global
	GlobalSection(SolutionConfigurationPlatforms) = preSolution
		Debug|Any CPU = Debug|Any CPU
		Release|Any CPU = Release|Any CPU
	EndGlobalSection
	GlobalSection(ProjectConfigurationPlatforms) = postSolution
		{A39F946E-B026-4EAC-9B35-F44D1976E8C9}.Debug|Any CPU.ActiveCfg = Debug|Any CPU
		{A39F946E-B026-4EAC-9B35-F44D1976E8C9}.Debug|Any CPU.Build.0 = Debug|Any CPU
		{A39F946E-B026-4EAC-9B35-F44D1976E8C9}.Release|Any CPU.ActiveCfg = Release|Any CPU
		{A39F946E-B026-4EAC-9B35-F44D1976E8C9}.Release|Any CPU.Build.0 = Release|Any CPU
	EndGlobalSection
	GlobalSection(SolutionProperties) = preSolution
		HideSolutionNode = FALSE
	EndGlobalSection
	GlobalSection(ExtensibilityGlobals) = postSolution
		SolutionGuid = {1CDA8195-0456-4627-B79D-13BBD0B2BE96}
	EndGlobalSection
EndGlobal
