
Microsoft Visual Studio Solution File, Format Version 12.00
# Visual Studio Version 17
VisualStudioVersion = 17.7.34031.279
MinimumVisualStudioVersion = 10.0.40219.1
Project("{FAE04EC0-301F-11D3-BF4B-00C04F79EFBC}") = "Calculations", "Calculations\Calculations.csproj", "{42CB0153-04C4-4095-8D70-B0EA4BE8402F}"
EndProject
Global
	GlobalSection(SolutionConfigurationPlatforms) = preSolution
		Debug|Any CPU = Debug|Any CPU
		Release|Any CPU = Release|Any CPU
	EndGlobalSection
	GlobalSection(ProjectConfigurationPlatforms) = postSolution
		{42CB0153-04C4-4095-8D70-B0EA4BE8402F}.Debug|Any CPU.ActiveCfg = Debug|Any CPU
		{42CB0153-04C4-4095-8D70-B0EA4BE8402F}.Debug|Any CPU.Build.0 = Debug|Any CPU
		{42CB0153-04C4-4095-8D70-B0EA4BE8402F}.Release|Any CPU.ActiveCfg = Release|Any CPU
		{42CB0153-04C4-4095-8D70-B0EA4BE8402F}.Release|Any CPU.Build.0 = Release|Any CPU
	EndGlobalSection
	GlobalSection(SolutionProperties) = preSolution
		HideSolutionNode = FALSE
	EndGlobalSection
	GlobalSection(ExtensibilityGlobals) = postSolution
		SolutionGuid = {7F33A9D7-498A-43DD-A821-F9592DBBB3DB}
	EndGlobalSection
EndGlobal
