
Microsoft Visual Studio Solution File, Format Version 12.00
# Visual Studio Version 17
VisualStudioVersion = 17.7.34031.279
MinimumVisualStudioVersion = 10.0.40219.1
Project("{FAE04EC0-301F-11D3-BF4B-00C04F79EFBC}") = "Everything in Common", "Everything in Common\Everything in Common.csproj", "{4C3BA9E4-260E-4D64-9D60-5FF1024E7A2E}"
EndProject
Global
	GlobalSection(SolutionConfigurationPlatforms) = preSolution
		Debug|Any CPU = Debug|Any CPU
		Release|Any CPU = Release|Any CPU
	EndGlobalSection
	GlobalSection(ProjectConfigurationPlatforms) = postSolution
		{4C3BA9E4-260E-4D64-9D60-5FF1024E7A2E}.Debug|Any CPU.ActiveCfg = Debug|Any CPU
		{4C3BA9E4-260E-4D64-9D60-5FF1024E7A2E}.Debug|Any CPU.Build.0 = Debug|Any CPU
		{4C3BA9E4-260E-4D64-9D60-5FF1024E7A2E}.Release|Any CPU.ActiveCfg = Release|Any CPU
		{4C3BA9E4-260E-4D64-9D60-5FF1024E7A2E}.Release|Any CPU.Build.0 = Release|Any CPU
	EndGlobalSection
	GlobalSection(SolutionProperties) = preSolution
		HideSolutionNode = FALSE
	EndGlobalSection
	GlobalSection(ExtensibilityGlobals) = postSolution
		SolutionGuid = {768A2B71-36EA-419B-9D20-B96F3EDA705C}
	EndGlobalSection
EndGlobal
